{
  "name": "wb",
  "version": "1.0.0",
  "lockfileVersion": 3,
  "requires": true,
  "packages": {
    "": {
      "name": "wb",
      "version": "1.0.0",
      "license": "ISC",
      "dependencies": {
        "canvas-scroll-clip": "^1.3.2"
      }
    },
    "node_modules/canvas-scroll-clip": {
      "version": "1.3.2",
      "resolved": "https://registry.npmjs.org/canvas-scroll-clip/-/canvas-scroll-clip-1.3.2.tgz",
      "integrity": "sha512-U5+v/Nla1LSF8e75b9B5YttTUZUl5fMhvovhE0uajdMeH5PEotyk8JY1jyPTYfd7jqBn0d2o/QFbp6/YzBSHKA==",
      "license": "MIT"
    }
  }
}
